
Microsoft Visual Studio Solution File, Format Version 12.00
# Visual Studio 14
VisualStudioVersion = 14.0.25420.1
MinimumVisualStudioVersion = 10.0.40219.1
Project("{8BC9CEB8-8B4A-11D0-8D11-00A0C91BC942}") = "DesignPatterns", "DesignPatterns\DesignPatterns.vcxproj", "{7A305472-83E6-435D-8509-EBA8D29DA1F5}"
EndProject
Project("{8BC9CEB8-8B4A-11D0-8D11-00A0C91BC942}") = "Singleton", "Singleton\Singleton.vcxproj", "{D0BBAC78-8787-462A-8A05-5D4E32D0555D}"
EndProject
Project("{8BC9CEB8-8B4A-11D0-8D11-00A0C91BC942}") = "Factory", "Factory\Factory.vcxproj", "{70F26AC5-37D9-4F61-B500-8C32655E344C}"
EndProject
Project("{8BC9CEB8-8B4A-11D0-8D11-00A0C91BC942}") = "AbstractFactory", "AbstractFactory\AbstractFactory.vcxproj", "{0FE91E67-214A-4EC5-B939-5B1CFFB2B456}"
EndProject
Project("{8BC9CEB8-8B4A-11D0-8D11-00A0C91BC942}") = "Builder", "Builder\Builder.vcxproj", "{3D8AE6A0-0619-4A3D-A659-C9DB5C72F3D6}"
EndProject
Project("{8BC9CEB8-8B4A-11D0-8D11-00A0C91BC942}") = "Prototype", "Prototype\Prototype.vcxproj", "{B9CC5663-0871-4EEB-ACD5-0A21EC4288F0}"
EndProject
Project("{8BC9CEB8-8B4A-11D0-8D11-00A0C91BC942}") = "Iterator", "Iterator\Iterator.vcxproj", "{F87FBEF5-5A60-4612-81AC-F097A552F1E6}"
EndProject
Project("{8BC9CEB8-8B4A-11D0-8D11-00A0C91BC942}") = "TemplateMethod", "TemplateMethod\TemplateMethod.vcxproj", "{AA47251E-C509-414A-A342-8C1CA17E8FAC}"
EndProject
Project("{8BC9CEB8-8B4A-11D0-8D11-00A0C91BC942}") = "Strategy", "Strategy\Strategy.vcxproj", "{A0A12041-EABC-4572-A630-F732E68C7DD5}"
EndProject
Project("{8BC9CEB8-8B4A-11D0-8D11-00A0C91BC942}") = "Observer", "Observer\Observer.vcxproj", "{C3E8588B-EAE2-4CD4-843D-9830794A30DA}"
EndProject
Project("{8BC9CEB8-8B4A-11D0-8D11-00A0C91BC942}") = "Command", "Command\Command.vcxproj", "{1358B6A3-B802-4879-AE43-5284591EA018}"
EndProject
Project("{8BC9CEB8-8B4A-11D0-8D11-00A0C91BC942}") = "ChainOfResponse", "ChainOfResponse\ChainOfResponse.vcxproj", "{0C21685B-09D2-4AF5-AFB9-F0A19460C868}"
EndProject
Project("{8BC9CEB8-8B4A-11D0-8D11-00A0C91BC942}") = "Memento", "Memento\Memento.vcxproj", "{1015592E-97DC-466A-B45E-8038DCA17887}"
EndProject
Project("{8BC9CEB8-8B4A-11D0-8D11-00A0C91BC942}") = "Mediator", "Mediator\Mediator.vcxproj", "{BEBAC5FD-5D35-4147-956B-56EB3640E4D9}"
EndProject
Project("{8BC9CEB8-8B4A-11D0-8D11-00A0C91BC942}") = "State", "State\State.vcxproj", "{447B83AD-1C31-4D1E-9E98-438654D8AF5E}"
EndProject
Project("{8BC9CEB8-8B4A-11D0-8D11-00A0C91BC942}") = "Interpretor", "Interpretor\Interpretor.vcxproj", "{49FE7A3B-8A06-4955-9033-3672910D8542}"
EndProject
Project("{8BC9CEB8-8B4A-11D0-8D11-00A0C91BC942}") = "Visitor", "Visitor\Visitor.vcxproj", "{E6873B70-3CF5-46DF-AB11-D9A9C56BCF64}"
EndProject
Project("{8BC9CEB8-8B4A-11D0-8D11-00A0C91BC942}") = "Adapter", "Adapter\Adapter.vcxproj", "{45D2D454-47A8-4E7E-919B-71BE67CFE952}"
EndProject
Project("{8BC9CEB8-8B4A-11D0-8D11-00A0C91BC942}") = "Proxy", "Proxy\Proxy.vcxproj", "{F3A0F984-B8A9-4265-9FB9-4EF04020235F}"
EndProject
Project("{8BC9CEB8-8B4A-11D0-8D11-00A0C91BC942}") = "Facade", "Facade\Facade.vcxproj", "{C55AD71F-942E-4BC1-8F34-2CFCBF6A4419}"
EndProject
Project("{8BC9CEB8-8B4A-11D0-8D11-00A0C91BC942}") = "FlyWeight", "FlyWeight\FlyWeight.vcxproj", "{8FE3C15D-5217-4290-8695-533E0F0E3809}"
EndProject
Project("{8BC9CEB8-8B4A-11D0-8D11-00A0C91BC942}") = "Decorate", "Decorate\Decorate.vcxproj", "{941B9471-C2AD-4268-8D2A-6D4704BD5CB3}"
EndProject
Project("{8BC9CEB8-8B4A-11D0-8D11-00A0C91BC942}") = "Composite", "Composite\Composite.vcxproj", "{06F9BC1E-76A4-4491-82C2-39FB8077DA4A}"
EndProject
Project("{8BC9CEB8-8B4A-11D0-8D11-00A0C91BC942}") = "Bridge", "Bridge\Bridge.vcxproj", "{E0311683-B100-4772-B79C-76EC87FAE056}"
EndProject
Global
	GlobalSection(SolutionConfigurationPlatforms) = preSolution
		Debug|x64 = Debug|x64
		Debug|x86 = Debug|x86
		Release|x64 = Release|x64
		Release|x86 = Release|x86
	EndGlobalSection
	GlobalSection(ProjectConfigurationPlatforms) = postSolution
		{7A305472-83E6-435D-8509-EBA8D29DA1F5}.Debug|x64.ActiveCfg = Debug|x64
		{7A305472-83E6-435D-8509-EBA8D29DA1F5}.Debug|x64.Build.0 = Debug|x64
		{7A305472-83E6-435D-8509-EBA8D29DA1F5}.Debug|x86.ActiveCfg = Debug|Win32
		{7A305472-83E6-435D-8509-EBA8D29DA1F5}.Debug|x86.Build.0 = Debug|Win32
		{7A305472-83E6-435D-8509-EBA8D29DA1F5}.Release|x64.ActiveCfg = Release|x64
		{7A305472-83E6-435D-8509-EBA8D29DA1F5}.Release|x64.Build.0 = Release|x64
		{7A305472-83E6-435D-8509-EBA8D29DA1F5}.Release|x86.ActiveCfg = Release|Win32
		{7A305472-83E6-435D-8509-EBA8D29DA1F5}.Release|x86.Build.0 = Release|Win32
		{D0BBAC78-8787-462A-8A05-5D4E32D0555D}.Debug|x64.ActiveCfg = Debug|x64
		{D0BBAC78-8787-462A-8A05-5D4E32D0555D}.Debug|x64.Build.0 = Debug|x64
		{D0BBAC78-8787-462A-8A05-5D4E32D0555D}.Debug|x86.ActiveCfg = Debug|Win32
		{D0BBAC78-8787-462A-8A05-5D4E32D0555D}.Debug|x86.Build.0 = Debug|Win32
		{D0BBAC78-8787-462A-8A05-5D4E32D0555D}.Release|x64.ActiveCfg = Release|x64
		{D0BBAC78-8787-462A-8A05-5D4E32D0555D}.Release|x64.Build.0 = Release|x64
		{D0BBAC78-8787-462A-8A05-5D4E32D0555D}.Release|x86.ActiveCfg = Release|Win32
		{D0BBAC78-8787-462A-8A05-5D4E32D0555D}.Release|x86.Build.0 = Release|Win32
		{70F26AC5-37D9-4F61-B500-8C32655E344C}.Debug|x64.ActiveCfg = Debug|x64
		{70F26AC5-37D9-4F61-B500-8C32655E344C}.Debug|x64.Build.0 = Debug|x64
		{70F26AC5-37D9-4F61-B500-8C32655E344C}.Debug|x86.ActiveCfg = Debug|Win32
		{70F26AC5-37D9-4F61-B500-8C32655E344C}.Debug|x86.Build.0 = Debug|Win32
		{70F26AC5-37D9-4F61-B500-8C32655E344C}.Release|x64.ActiveCfg = Release|x64
		{70F26AC5-37D9-4F61-B500-8C32655E344C}.Release|x64.Build.0 = Release|x64
		{70F26AC5-37D9-4F61-B500-8C32655E344C}.Release|x86.ActiveCfg = Release|Win32
		{70F26AC5-37D9-4F61-B500-8C32655E344C}.Release|x86.Build.0 = Release|Win32
		{0FE91E67-214A-4EC5-B939-5B1CFFB2B456}.Debug|x64.ActiveCfg = Debug|x64
		{0FE91E67-214A-4EC5-B939-5B1CFFB2B456}.Debug|x64.Build.0 = Debug|x64
		{0FE91E67-214A-4EC5-B939-5B1CFFB2B456}.Debug|x86.ActiveCfg = Debug|Win32
		{0FE91E67-214A-4EC5-B939-5B1CFFB2B456}.Debug|x86.Build.0 = Debug|Win32
		{0FE91E67-214A-4EC5-B939-5B1CFFB2B456}.Release|x64.ActiveCfg = Release|x64
		{0FE91E67-214A-4EC5-B939-5B1CFFB2B456}.Release|x64.Build.0 = Release|x64
		{0FE91E67-214A-4EC5-B939-5B1CFFB2B456}.Release|x86.ActiveCfg = Release|Win32
		{0FE91E67-214A-4EC5-B939-5B1CFFB2B456}.Release|x86.Build.0 = Release|Win32
		{3D8AE6A0-0619-4A3D-A659-C9DB5C72F3D6}.Debug|x64.ActiveCfg = Debug|x64
		{3D8AE6A0-0619-4A3D-A659-C9DB5C72F3D6}.Debug|x64.Build.0 = Debug|x64
		{3D8AE6A0-0619-4A3D-A659-C9DB5C72F3D6}.Debug|x86.ActiveCfg = Debug|Win32
		{3D8AE6A0-0619-4A3D-A659-C9DB5C72F3D6}.Debug|x86.Build.0 = Debug|Win32
		{3D8AE6A0-0619-4A3D-A659-C9DB5C72F3D6}.Release|x64.ActiveCfg = Release|x64
		{3D8AE6A0-0619-4A3D-A659-C9DB5C72F3D6}.Release|x64.Build.0 = Release|x64
		{3D8AE6A0-0619-4A3D-A659-C9DB5C72F3D6}.Release|x86.ActiveCfg = Release|Win32
		{3D8AE6A0-0619-4A3D-A659-C9DB5C72F3D6}.Release|x86.Build.0 = Release|Win32
		{B9CC5663-0871-4EEB-ACD5-0A21EC4288F0}.Debug|x64.ActiveCfg = Debug|x64
		{B9CC5663-0871-4EEB-ACD5-0A21EC4288F0}.Debug|x64.Build.0 = Debug|x64
		{B9CC5663-0871-4EEB-ACD5-0A21EC4288F0}.Debug|x86.ActiveCfg = Debug|Win32
		{B9CC5663-0871-4EEB-ACD5-0A21EC4288F0}.Debug|x86.Build.0 = Debug|Win32
		{B9CC5663-0871-4EEB-ACD5-0A21EC4288F0}.Release|x64.ActiveCfg = Release|x64
		{B9CC5663-0871-4EEB-ACD5-0A21EC4288F0}.Release|x64.Build.0 = Release|x64
		{B9CC5663-0871-4EEB-ACD5-0A21EC4288F0}.Release|x86.ActiveCfg = Release|Win32
		{B9CC5663-0871-4EEB-ACD5-0A21EC4288F0}.Release|x86.Build.0 = Release|Win32
		{F87FBEF5-5A60-4612-81AC-F097A552F1E6}.Debug|x64.ActiveCfg = Debug|x64
		{F87FBEF5-5A60-4612-81AC-F097A552F1E6}.Debug|x64.Build.0 = Debug|x64
		{F87FBEF5-5A60-4612-81AC-F097A552F1E6}.Debug|x86.ActiveCfg = Debug|Win32
		{F87FBEF5-5A60-4612-81AC-F097A552F1E6}.Debug|x86.Build.0 = Debug|Win32
		{F87FBEF5-5A60-4612-81AC-F097A552F1E6}.Release|x64.ActiveCfg = Release|x64
		{F87FBEF5-5A60-4612-81AC-F097A552F1E6}.Release|x64.Build.0 = Release|x64
		{F87FBEF5-5A60-4612-81AC-F097A552F1E6}.Release|x86.ActiveCfg = Release|Win32
		{F87FBEF5-5A60-4612-81AC-F097A552F1E6}.Release|x86.Build.0 = Release|Win32
		{AA47251E-C509-414A-A342-8C1CA17E8FAC}.Debug|x64.ActiveCfg = Debug|x64
		{AA47251E-C509-414A-A342-8C1CA17E8FAC}.Debug|x64.Build.0 = Debug|x64
		{AA47251E-C509-414A-A342-8C1CA17E8FAC}.Debug|x86.ActiveCfg = Debug|Win32
		{AA47251E-C509-414A-A342-8C1CA17E8FAC}.Debug|x86.Build.0 = Debug|Win32
		{AA47251E-C509-414A-A342-8C1CA17E8FAC}.Release|x64.ActiveCfg = Release|x64
		{AA47251E-C509-414A-A342-8C1CA17E8FAC}.Release|x64.Build.0 = Release|x64
		{AA47251E-C509-414A-A342-8C1CA17E8FAC}.Release|x86.ActiveCfg = Release|Win32
		{AA47251E-C509-414A-A342-8C1CA17E8FAC}.Release|x86.Build.0 = Release|Win32
		{A0A12041-EABC-4572-A630-F732E68C7DD5}.Debug|x64.ActiveCfg = Debug|x64
		{A0A12041-EABC-4572-A630-F732E68C7DD5}.Debug|x64.Build.0 = Debug|x64
		{A0A12041-EABC-4572-A630-F732E68C7DD5}.Debug|x86.ActiveCfg = Debug|Win32
		{A0A12041-EABC-4572-A630-F732E68C7DD5}.Debug|x86.Build.0 = Debug|Win32
		{A0A12041-EABC-4572-A630-F732E68C7DD5}.Release|x64.ActiveCfg = Release|x64
		{A0A12041-EABC-4572-A630-F732E68C7DD5}.Release|x64.Build.0 = Release|x64
		{A0A12041-EABC-4572-A630-F732E68C7DD5}.Release|x86.ActiveCfg = Release|Win32
		{A0A12041-EABC-4572-A630-F732E68C7DD5}.Release|x86.Build.0 = Release|Win32
		{C3E8588B-EAE2-4CD4-843D-9830794A30DA}.Debug|x64.ActiveCfg = Debug|x64
		{C3E8588B-EAE2-4CD4-843D-9830794A30DA}.Debug|x64.Build.0 = Debug|x64
		{C3E8588B-EAE2-4CD4-843D-9830794A30DA}.Debug|x86.ActiveCfg = Debug|Win32
		{C3E8588B-EAE2-4CD4-843D-9830794A30DA}.Debug|x86.Build.0 = Debug|Win32
		{C3E8588B-EAE2-4CD4-843D-9830794A30DA}.Release|x64.ActiveCfg = Release|x64
		{C3E8588B-EAE2-4CD4-843D-9830794A30DA}.Release|x64.Build.0 = Release|x64
		{C3E8588B-EAE2-4CD4-843D-9830794A30DA}.Release|x86.ActiveCfg = Release|Win32
		{C3E8588B-EAE2-4CD4-843D-9830794A30DA}.Release|x86.Build.0 = Release|Win32
		{1358B6A3-B802-4879-AE43-5284591EA018}.Debug|x64.ActiveCfg = Debug|x64
		{1358B6A3-B802-4879-AE43-5284591EA018}.Debug|x64.Build.0 = Debug|x64
		{1358B6A3-B802-4879-AE43-5284591EA018}.Debug|x86.ActiveCfg = Debug|Win32
		{1358B6A3-B802-4879-AE43-5284591EA018}.Debug|x86.Build.0 = Debug|Win32
		{1358B6A3-B802-4879-AE43-5284591EA018}.Release|x64.ActiveCfg = Release|x64
		{1358B6A3-B802-4879-AE43-5284591EA018}.Release|x64.Build.0 = Release|x64
		{1358B6A3-B802-4879-AE43-5284591EA018}.Release|x86.ActiveCfg = Release|Win32
		{1358B6A3-B802-4879-AE43-5284591EA018}.Release|x86.Build.0 = Release|Win32
		{0C21685B-09D2-4AF5-AFB9-F0A19460C868}.Debug|x64.ActiveCfg = Debug|x64
		{0C21685B-09D2-4AF5-AFB9-F0A19460C868}.Debug|x64.Build.0 = Debug|x64
		{0C21685B-09D2-4AF5-AFB9-F0A19460C868}.Debug|x86.ActiveCfg = Debug|Win32
		{0C21685B-09D2-4AF5-AFB9-F0A19460C868}.Debug|x86.Build.0 = Debug|Win32
		{0C21685B-09D2-4AF5-AFB9-F0A19460C868}.Release|x64.ActiveCfg = Release|x64
		{0C21685B-09D2-4AF5-AFB9-F0A19460C868}.Release|x64.Build.0 = Release|x64
		{0C21685B-09D2-4AF5-AFB9-F0A19460C868}.Release|x86.ActiveCfg = Release|Win32
		{0C21685B-09D2-4AF5-AFB9-F0A19460C868}.Release|x86.Build.0 = Release|Win32
		{1015592E-97DC-466A-B45E-8038DCA17887}.Debug|x64.ActiveCfg = Debug|x64
		{1015592E-97DC-466A-B45E-8038DCA17887}.Debug|x64.Build.0 = Debug|x64
		{1015592E-97DC-466A-B45E-8038DCA17887}.Debug|x86.ActiveCfg = Debug|Win32
		{1015592E-97DC-466A-B45E-8038DCA17887}.Debug|x86.Build.0 = Debug|Win32
		{1015592E-97DC-466A-B45E-8038DCA17887}.Release|x64.ActiveCfg = Release|x64
		{1015592E-97DC-466A-B45E-8038DCA17887}.Release|x64.Build.0 = Release|x64
		{1015592E-97DC-466A-B45E-8038DCA17887}.Release|x86.ActiveCfg = Release|Win32
		{1015592E-97DC-466A-B45E-8038DCA17887}.Release|x86.Build.0 = Release|Win32
		{BEBAC5FD-5D35-4147-956B-56EB3640E4D9}.Debug|x64.ActiveCfg = Debug|x64
		{BEBAC5FD-5D35-4147-956B-56EB3640E4D9}.Debug|x64.Build.0 = Debug|x64
		{BEBAC5FD-5D35-4147-956B-56EB3640E4D9}.Debug|x86.ActiveCfg = Debug|Win32
		{BEBAC5FD-5D35-4147-956B-56EB3640E4D9}.Debug|x86.Build.0 = Debug|Win32
		{BEBAC5FD-5D35-4147-956B-56EB3640E4D9}.Release|x64.ActiveCfg = Release|x64
		{BEBAC5FD-5D35-4147-956B-56EB3640E4D9}.Release|x64.Build.0 = Release|x64
		{BEBAC5FD-5D35-4147-956B-56EB3640E4D9}.Release|x86.ActiveCfg = Release|Win32
		{BEBAC5FD-5D35-4147-956B-56EB3640E4D9}.Release|x86.Build.0 = Release|Win32
		{447B83AD-1C31-4D1E-9E98-438654D8AF5E}.Debug|x64.ActiveCfg = Debug|x64
		{447B83AD-1C31-4D1E-9E98-438654D8AF5E}.Debug|x64.Build.0 = Debug|x64
		{447B83AD-1C31-4D1E-9E98-438654D8AF5E}.Debug|x86.ActiveCfg = Debug|Win32
		{447B83AD-1C31-4D1E-9E98-438654D8AF5E}.Debug|x86.Build.0 = Debug|Win32
		{447B83AD-1C31-4D1E-9E98-438654D8AF5E}.Release|x64.ActiveCfg = Release|x64
		{447B83AD-1C31-4D1E-9E98-438654D8AF5E}.Release|x64.Build.0 = Release|x64
		{447B83AD-1C31-4D1E-9E98-438654D8AF5E}.Release|x86.ActiveCfg = Release|Win32
		{447B83AD-1C31-4D1E-9E98-438654D8AF5E}.Release|x86.Build.0 = Release|Win32
		{49FE7A3B-8A06-4955-9033-3672910D8542}.Debug|x64.ActiveCfg = Debug|x64
		{49FE7A3B-8A06-4955-9033-3672910D8542}.Debug|x64.Build.0 = Debug|x64
		{49FE7A3B-8A06-4955-9033-3672910D8542}.Debug|x86.ActiveCfg = Debug|Win32
		{49FE7A3B-8A06-4955-9033-3672910D8542}.Debug|x86.Build.0 = Debug|Win32
		{49FE7A3B-8A06-4955-9033-3672910D8542}.Release|x64.ActiveCfg = Release|x64
		{49FE7A3B-8A06-4955-9033-3672910D8542}.Release|x64.Build.0 = Release|x64
		{49FE7A3B-8A06-4955-9033-3672910D8542}.Release|x86.ActiveCfg = Release|Win32
		{49FE7A3B-8A06-4955-9033-3672910D8542}.Release|x86.Build.0 = Release|Win32
		{E6873B70-3CF5-46DF-AB11-D9A9C56BCF64}.Debug|x64.ActiveCfg = Debug|x64
		{E6873B70-3CF5-46DF-AB11-D9A9C56BCF64}.Debug|x64.Build.0 = Debug|x64
		{E6873B70-3CF5-46DF-AB11-D9A9C56BCF64}.Debug|x86.ActiveCfg = Debug|Win32
		{E6873B70-3CF5-46DF-AB11-D9A9C56BCF64}.Debug|x86.Build.0 = Debug|Win32
		{E6873B70-3CF5-46DF-AB11-D9A9C56BCF64}.Release|x64.ActiveCfg = Release|x64
		{E6873B70-3CF5-46DF-AB11-D9A9C56BCF64}.Release|x64.Build.0 = Release|x64
		{E6873B70-3CF5-46DF-AB11-D9A9C56BCF64}.Release|x86.ActiveCfg = Release|Win32
		{E6873B70-3CF5-46DF-AB11-D9A9C56BCF64}.Release|x86.Build.0 = Release|Win32
		{45D2D454-47A8-4E7E-919B-71BE67CFE952}.Debug|x64.ActiveCfg = Debug|x64
		{45D2D454-47A8-4E7E-919B-71BE67CFE952}.Debug|x64.Build.0 = Debug|x64
		{45D2D454-47A8-4E7E-919B-71BE67CFE952}.Debug|x86.ActiveCfg = Debug|Win32
		{45D2D454-47A8-4E7E-919B-71BE67CFE952}.Debug|x86.Build.0 = Debug|Win32
		{45D2D454-47A8-4E7E-919B-71BE67CFE952}.Release|x64.ActiveCfg = Release|x64
		{45D2D454-47A8-4E7E-919B-71BE67CFE952}.Release|x64.Build.0 = Release|x64
		{45D2D454-47A8-4E7E-919B-71BE67CFE952}.Release|x86.ActiveCfg = Release|Win32
		{45D2D454-47A8-4E7E-919B-71BE67CFE952}.Release|x86.Build.0 = Release|Win32
		{F3A0F984-B8A9-4265-9FB9-4EF04020235F}.Debug|x64.ActiveCfg = Debug|x64
		{F3A0F984-B8A9-4265-9FB9-4EF04020235F}.Debug|x64.Build.0 = Debug|x64
		{F3A0F984-B8A9-4265-9FB9-4EF04020235F}.Debug|x86.ActiveCfg = Debug|Win32
		{F3A0F984-B8A9-4265-9FB9-4EF04020235F}.Debug|x86.Build.0 = Debug|Win32
		{F3A0F984-B8A9-4265-9FB9-4EF04020235F}.Release|x64.ActiveCfg = Release|x64
		{F3A0F984-B8A9-4265-9FB9-4EF04020235F}.Release|x64.Build.0 = Release|x64
		{F3A0F984-B8A9-4265-9FB9-4EF04020235F}.Release|x86.ActiveCfg = Release|Win32
		{F3A0F984-B8A9-4265-9FB9-4EF04020235F}.Release|x86.Build.0 = Release|Win32
		{C55AD71F-942E-4BC1-8F34-2CFCBF6A4419}.Debug|x64.ActiveCfg = Debug|x64
		{C55AD71F-942E-4BC1-8F34-2CFCBF6A4419}.Debug|x64.Build.0 = Debug|x64
		{C55AD71F-942E-4BC1-8F34-2CFCBF6A4419}.Debug|x86.ActiveCfg = Debug|Win32
		{C55AD71F-942E-4BC1-8F34-2CFCBF6A4419}.Debug|x86.Build.0 = Debug|Win32
		{C55AD71F-942E-4BC1-8F34-2CFCBF6A4419}.Release|x64.ActiveCfg = Release|x64
		{C55AD71F-942E-4BC1-8F34-2CFCBF6A4419}.Release|x64.Build.0 = Release|x64
		{C55AD71F-942E-4BC1-8F34-2CFCBF6A4419}.Release|x86.ActiveCfg = Release|Win32
		{C55AD71F-942E-4BC1-8F34-2CFCBF6A4419}.Release|x86.Build.0 = Release|Win32
		{8FE3C15D-5217-4290-8695-533E0F0E3809}.Debug|x64.ActiveCfg = Debug|x64
		{8FE3C15D-5217-4290-8695-533E0F0E3809}.Debug|x64.Build.0 = Debug|x64
		{8FE3C15D-5217-4290-8695-533E0F0E3809}.Debug|x86.ActiveCfg = Debug|Win32
		{8FE3C15D-5217-4290-8695-533E0F0E3809}.Debug|x86.Build.0 = Debug|Win32
		{8FE3C15D-5217-4290-8695-533E0F0E3809}.Release|x64.ActiveCfg = Release|x64
		{8FE3C15D-5217-4290-8695-533E0F0E3809}.Release|x64.Build.0 = Release|x64
		{8FE3C15D-5217-4290-8695-533E0F0E3809}.Release|x86.ActiveCfg = Release|Win32
		{8FE3C15D-5217-4290-8695-533E0F0E3809}.Release|x86.Build.0 = Release|Win32
		{941B9471-C2AD-4268-8D2A-6D4704BD5CB3}.Debug|x64.ActiveCfg = Debug|x64
		{941B9471-C2AD-4268-8D2A-6D4704BD5CB3}.Debug|x64.Build.0 = Debug|x64
		{941B9471-C2AD-4268-8D2A-6D4704BD5CB3}.Debug|x86.ActiveCfg = Debug|Win32
		{941B9471-C2AD-4268-8D2A-6D4704BD5CB3}.Debug|x86.Build.0 = Debug|Win32
		{941B9471-C2AD-4268-8D2A-6D4704BD5CB3}.Release|x64.ActiveCfg = Release|x64
		{941B9471-C2AD-4268-8D2A-6D4704BD5CB3}.Release|x64.Build.0 = Release|x64
		{941B9471-C2AD-4268-8D2A-6D4704BD5CB3}.Release|x86.ActiveCfg = Release|Win32
		{941B9471-C2AD-4268-8D2A-6D4704BD5CB3}.Release|x86.Build.0 = Release|Win32
		{06F9BC1E-76A4-4491-82C2-39FB8077DA4A}.Debug|x64.ActiveCfg = Debug|x64
		{06F9BC1E-76A4-4491-82C2-39FB8077DA4A}.Debug|x64.Build.0 = Debug|x64
		{06F9BC1E-76A4-4491-82C2-39FB8077DA4A}.Debug|x86.ActiveCfg = Debug|Win32
		{06F9BC1E-76A4-4491-82C2-39FB8077DA4A}.Debug|x86.Build.0 = Debug|Win32
		{06F9BC1E-76A4-4491-82C2-39FB8077DA4A}.Release|x64.ActiveCfg = Release|x64
		{06F9BC1E-76A4-4491-82C2-39FB8077DA4A}.Release|x64.Build.0 = Release|x64
		{06F9BC1E-76A4-4491-82C2-39FB8077DA4A}.Release|x86.ActiveCfg = Release|Win32
		{06F9BC1E-76A4-4491-82C2-39FB8077DA4A}.Release|x86.Build.0 = Release|Win32
		{E0311683-B100-4772-B79C-76EC87FAE056}.Debug|x64.ActiveCfg = Debug|x64
		{E0311683-B100-4772-B79C-76EC87FAE056}.Debug|x64.Build.0 = Debug|x64
		{E0311683-B100-4772-B79C-76EC87FAE056}.Debug|x86.ActiveCfg = Debug|Win32
		{E0311683-B100-4772-B79C-76EC87FAE056}.Debug|x86.Build.0 = Debug|Win32
		{E0311683-B100-4772-B79C-76EC87FAE056}.Release|x64.ActiveCfg = Release|x64
		{E0311683-B100-4772-B79C-76EC87FAE056}.Release|x64.Build.0 = Release|x64
		{E0311683-B100-4772-B79C-76EC87FAE056}.Release|x86.ActiveCfg = Release|Win32
		{E0311683-B100-4772-B79C-76EC87FAE056}.Release|x86.Build.0 = Release|Win32
	EndGlobalSection
	GlobalSection(SolutionProperties) = preSolution
		HideSolutionNode = FALSE
	EndGlobalSection
EndGlobal
